// !$*UTF8*$!
{
	archiveVersion = 1;
	classes = {
	};
	objectVersion = 46;
	objects = {

/* Begin PBXBuildFile section */
		ED925AB51BBB3E2500BDC022 /* main.swift in Sources */ = {isa = PBXBuildFile; fileRef = ED925AB41BBB3E2500BDC022 /* main.swift */; };
		ED925ABE1BBB3FC700BDC022 /* CSV.swift in Sources */ = {isa = PBXBuildFile; fileRef = ED925ABD1BBB3FC700BDC022 /* CSV.swift */; settings = {ASSET_TAGS = (); }; };
		ED925AC01BBB46F600BDC022 /* LineupGenerator.swift in Sources */ = {isa = PBXBuildFile; fileRef = ED925ABF1BBB46F600BDC022 /* LineupGenerator.swift */; settings = {ASSET_TAGS = (); }; };
		ED925AC21BBB500200BDC022 /* Player.swift in Sources */ = {isa = PBXBuildFile; fileRef = ED925AC11BBB500200BDC022 /* Player.swift */; settings = {ASSET_TAGS = (); }; };
		EDC3C1FF1BBC786E003D1AB2 /* Lineup.swift in Sources */ = {isa = PBXBuildFile; fileRef = EDC3C1FE1BBC786E003D1AB2 /* Lineup.swift */; settings = {ASSET_TAGS = (); }; };
/* End PBXBuildFile section */

/* Begin PBXCopyFilesBuildPhase section */
		ED925AAF1BBB3E2500BDC022 /* CopyFiles */ = {
			isa = PBXCopyFilesBuildPhase;
			buildActionMask = 2147483647;
			dstPath = /usr/share/man/man1/;
			dstSubfolderSpec = 0;
			files = (
			);
			runOnlyForDeploymentPostprocessing = 1;
		};
/* End PBXCopyFilesBuildPhase section */

/* Begin PBXFileReference section */
		ED925AB11BBB3E2500BDC022 /* LineupCreator */ = {isa = PBXFileReference; explicitFileType = "compiled.mach-o.executable"; includeInIndex = 0; path = LineupCreator; sourceTree = BUILT_PRODUCTS_DIR; };
		ED925AB41BBB3E2500BDC022 /* main.swift */ = {isa = PBXFileReference; lastKnownFileType = sourcecode.swift; path = main.swift; sourceTree = "<group>"; };
		ED925ABD1BBB3FC700BDC022 /* CSV.swift */ = {isa = PBXFileReference; fileEncoding = 4; lastKnownFileType = sourcecode.swift; name = CSV.swift; path = SwiftCSV/SwiftCSV/CSV.swift; sourceTree = "<group>"; };
		ED925ABF1BBB46F600BDC022 /* LineupGenerator.swift */ = {isa = PBXFileReference; fileEncoding = 4; lastKnownFileType = sourcecode.swift; path = LineupGenerator.swift; sourceTree = "<group>"; };
		ED925AC11BBB500200BDC022 /* Player.swift */ = {isa = PBXFileReference; fileEncoding = 4; lastKnownFileType = sourcecode.swift; path = Player.swift; sourceTree = "<group>"; };
		EDC3C1FE1BBC786E003D1AB2 /* Lineup.swift */ = {isa = PBXFileReference; fileEncoding = 4; lastKnownFileType = sourcecode.swift; path = Lineup.swift; sourceTree = "<group>"; };
/* End PBXFileReference section */

/* Begin PBXFrameworksBuildPhase section */
		ED925AAE1BBB3E2500BDC022 /* Frameworks */ = {
			isa = PBXFrameworksBuildPhase;
			buildActionMask = 2147483647;
			files = (
			);
			runOnlyForDeploymentPostprocessing = 0;
		};
/* End PBXFrameworksBuildPhase section */

/* Begin PBXGroup section */
		ED925AA81BBB3E2500BDC022 = {
			isa = PBXGroup;
			children = (
				ED925AB31BBB3E2500BDC022 /* LineupCreator */,
				ED925AB21BBB3E2500BDC022 /* Products */,
			);
			sourceTree = "<group>";
		};
		ED925AB21BBB3E2500BDC022 /* Products */ = {
			isa = PBXGroup;
			children = (
				ED925AB11BBB3E2500BDC022 /* LineupCreator */,
			);
			name = Products;
			sourceTree = "<group>";
		};
		ED925AB31BBB3E2500BDC022 /* LineupCreator */ = {
			isa = PBXGroup;
			children = (
				ED925ABD1BBB3FC700BDC022 /* CSV.swift */,
				ED925AC11BBB500200BDC022 /* Player.swift */,
				ED925AB41BBB3E2500BDC022 /* main.swift */,
				ED925ABF1BBB46F600BDC022 /* LineupGenerator.swift */,
				EDC3C1FE1BBC786E003D1AB2 /* Lineup.swift */,
			);
			path = LineupCreator;
			sourceTree = "<group>";
		};
/* End PBXGroup section */

/* Begin PBXNativeTarget section */
		ED925AB01BBB3E2500BDC022 /* LineupCreator */ = {
			isa = PBXNativeTarget;
			buildConfigurationList = ED925AB81BBB3E2500BDC022 /* Build configuration list for PBXNativeTarget "LineupCreator" */;
			buildPhases = (
				ED925AAD1BBB3E2500BDC022 /* Sources */,
				ED925AAE1BBB3E2500BDC022 /* Frameworks */,
				ED925AAF1BBB3E2500BDC022 /* CopyFiles */,
			);
			buildRules = (
			);
			dependencies = (
			);
			name = LineupCreator;
			productName = LineupCreator;
			productReference = ED925AB11BBB3E2500BDC022 /* LineupCreator */;
			productType = "com.apple.product-type.tool";
		};
/* End PBXNativeTarget section */

/* Begin PBXProject section */
		ED925AA91BBB3E2500BDC022 /* Project object */ = {
			isa = PBXProject;
			attributes = {
				LastUpgradeCheck = 0700;
				ORGANIZATIONNAME = "Zachary Webert";
				TargetAttributes = {
					ED925AB01BBB3E2500BDC022 = {
						CreatedOnToolsVersion = 7.0;
					};
				};
			};
			buildConfigurationList = ED925AAC1BBB3E2500BDC022 /* Build configuration list for PBXProject "LineupCreator" */;
			compatibilityVersion = "Xcode 3.2";
			developmentRegion = English;
			hasScannedForEncodings = 0;
			knownRegions = (
				en,
			);
			mainGroup = ED925AA81BBB3E2500BDC022;
			productRefGroup = ED925AB21BBB3E2500BDC022 /* Products */;
			projectDirPath = "";
			projectRoot = "";
			targets = (
				ED925AB01BBB3E2500BDC022 /* LineupCreator */,
			);
		};
/* End PBXProject section */

/* Begin PBXSourcesBuildPhase section */
		ED925AAD1BBB3E2500BDC022 /* Sources */ = {
			isa = PBXSourcesBuildPhase;
			buildActionMask = 2147483647;
			files = (
				ED925AC21BBB500200BDC022 /* Player.swift in Sources */,
				ED925ABE1BBB3FC700BDC022 /* CSV.swift in Sources */,
				ED925AB51BBB3E2500BDC022 /* main.swift in Sources */,
				ED925AC01BBB46F600BDC022 /* LineupGenerator.swift in Sources */,
				EDC3C1FF1BBC786E003D1AB2 /* Lineup.swift in Sources */,
			);
			runOnlyForDeploymentPostprocessing = 0;
		};
/* End PBXSourcesBuildPhase section */

/* Begin XCBuildConfiguration section */
		ED925AB61BBB3E2500BDC022 /* Debug */ = {
			isa = XCBuildConfiguration;
			buildSettings = {
				ALWAYS_SEARCH_USER_PATHS = NO;
				CLANG_CXX_LANGUAGE_STANDARD = "gnu++0x";
				CLANG_CXX_LIBRARY = "libc++";
				CLANG_ENABLE_MODULES = YES;
				CLANG_ENABLE_OBJC_ARC = YES;
				CLANG_WARN_BOOL_CONVERSION = YES;
				CLANG_WARN_CONSTANT_CONVERSION = YES;
				CLANG_WARN_DIRECT_OBJC_ISA_USAGE = YES_ERROR;
				CLANG_WARN_EMPTY_BODY = YES;
				CLANG_WARN_ENUM_CONVERSION = YES;
				CLANG_WARN_INT_CONVERSION = YES;
				CLANG_WARN_OBJC_ROOT_CLASS = YES_ERROR;
				CLANG_WARN_UNREACHABLE_CODE = YES;
				CLANG_WARN__DUPLICATE_METHOD_MATCH = YES;
				COPY_PHASE_STRIP = NO;
				DEBUG_INFORMATION_FORMAT = dwarf;
				ENABLE_STRICT_OBJC_MSGSEND = YES;
				ENABLE_TESTABILITY = YES;
				GCC_C_LANGUAGE_STANDARD = gnu99;
				GCC_DYNAMIC_NO_PIC = NO;
				GCC_NO_COMMON_BLOCKS = YES;
				GCC_OPTIMIZATION_LEVEL = 0;
				GCC_PREPROCESSOR_DEFINITIONS = (
					"DEBUG=1",
					"$(inherited)",
				);
				GCC_WARN_64_TO_32_BIT_CONVERSION = YES;
				GCC_WARN_ABOUT_RETURN_TYPE = YES_ERROR;
				GCC_WARN_UNDECLARED_SELECTOR = YES;
				GCC_WARN_UNINITIALIZED_AUTOS = YES_AGGRESSIVE;
				GCC_WARN_UNUSED_FUNCTION = YES;
				GCC_WARN_UNUSED_VARIABLE = YES;
				MACOSX_DEPLOYMENT_TARGET = 10.10;
				MTL_ENABLE_DEBUG_INFO = YES;
				ONLY_ACTIVE_ARCH = YES;
				SDKROOT = macosx;
				SWIFT_OPTIMIZATION_LEVEL = "-Onone";
			};
			name = Debug;
		};
		ED925AB71BBB3E2500BDC022 /* Release */ = {
			isa = XCBuildConfiguration;
			buildSettings = {
				ALWAYS_SEARCH_USER_PATHS = NO;
				CLANG_CXX_LANGUAGE_STANDARD = "gnu++0x";
				CLANG_CXX_LIBRARY = "libc++";
				CLANG_ENABLE_MODULES = YES;
				CLANG_ENABLE_OBJC_ARC = YES;
				CLANG_WARN_BOOL_CONVERSION = YES;
				CLANG_WARN_CONSTANT_CONVERSION = YES;
				CLANG_WARN_DIRECT_OBJC_ISA_USAGE = YES_ERROR;
				CLANG_WARN_EMPTY_BODY = YES;
				CLANG_WARN_ENUM_CONVERSION = YES;
				CLANG_WARN_INT_CONVERSION = YES;
				CLANG_WARN_OBJC_ROOT_CLASS = YES_ERROR;
				CLANG_WARN_UNREACHABLE_CODE = YES;
				CLANG_WARN__DUPLICATE_METHOD_MATCH = YES;
				COPY_PHASE_STRIP = NO;
				DEBUG_INFORMATION_FORMAT = "dwarf-with-dsym";
				ENABLE_NS_ASSERTIONS = NO;
				ENABLE_STRICT_OBJC_MSGSEND = YES;
				GCC_C_LANGUAGE_STANDARD = gnu99;
				GCC_NO_COMMON_BLOCKS = YES;
				GCC_WARN_64_TO_32_BIT_CONVERSION = YES;
				GCC_WARN_ABOUT_RETURN_TYPE = YES_ERROR;
				GCC_WARN_UNDECLARED_SELECTOR = YES;
				GCC_WARN_UNINITIALIZED_AUTOS = YES_AGGRESSIVE;
				GCC_WARN_UNUSED_FUNCTION = YES;
				GCC_WARN_UNUSED_VARIABLE = YES;
				MACOSX_DEPLOYMENT_TARGET = 10.10;
				MTL_ENABLE_DEBUG_INFO = NO;
				SDKROOT = macosx;
			};
			name = Release;
		};
		ED925AB91BBB3E2500BDC022 /* Debug */ = {
			isa = XCBuildConfiguration;
			buildSettings = {
				PRODUCT_NAME = "$(TARGET_NAME)";
			};
			name = Debug;
		};
		ED925ABA1BBB3E2500BDC022 /* Release */ = {
			isa = XCBuildConfiguration;
			buildSettings = {
				PRODUCT_NAME = "$(TARGET_NAME)";
			};
			name = Release;
		};
/* End XCBuildConfiguration section */

/* Begin XCConfigurationList section */
		ED925AAC1BBB3E2500BDC022 /* Build configuration list for PBXProject "LineupCreator" */ = {
			isa = XCConfigurationList;
			buildConfigurations = (
				ED925AB61BBB3E2500BDC022 /* Debug */,
				ED925AB71BBB3E2500BDC022 /* Release */,
			);
			defaultConfigurationIsVisible = 0;
			defaultConfigurationName = Release;
		};
		ED925AB81BBB3E2500BDC022 /* Build configuration list for PBXNativeTarget "LineupCreator" */ = {
			isa = XCConfigurationList;
			buildConfigurations = (
				ED925AB91BBB3E2500BDC022 /* Debug */,
				ED925ABA1BBB3E2500BDC022 /* Release */,
			);
			defaultConfigurationIsVisible = 0;
			defaultConfigurationName = Release;
		};
/* End XCConfigurationList section */
	};
	rootObject = ED925AA91BBB3E2500BDC022 /* Project object */;
}
